
Microsoft Visual Studio Solution File, Format Version 12.00
# Visual Studio Version 17
VisualStudioVersion = 17.8.34316.72
MinimumVisualStudioVersion = 10.0.40219.1
Project("{FAE04EC0-301F-11D3-BF4B-00C04F79EFBC}") = "WebAPI", "WebAPI\WebAPI.csproj", "{4F0FDCF6-B021-4ED3-BBED-5634AE4B2053}"
EndProject
Project("{FAE04EC0-301F-11D3-BF4B-00C04F79EFBC}") = "Ianitchi_Loredana_Lab11", "Ianitchi_Loredana_Lab11\Ianitchi_Loredana_Lab11.csproj", "{17CD8229-DBCD-45C7-ABA5-0A2F6166112A}"
EndProject
Global
	GlobalSection(SolutionConfigurationPlatforms) = preSolution
		Debug|Any CPU = Debug|Any CPU
		Release|Any CPU = Release|Any CPU
	EndGlobalSection
	GlobalSection(ProjectConfigurationPlatforms) = postSolution
		{4F0FDCF6-B021-4ED3-BBED-5634AE4B2053}.Debug|Any CPU.ActiveCfg = Debug|Any CPU
		{4F0FDCF6-B021-4ED3-BBED-5634AE4B2053}.Debug|Any CPU.Build.0 = Debug|Any CPU
		{4F0FDCF6-B021-4ED3-BBED-5634AE4B2053}.Release|Any CPU.ActiveCfg = Release|Any CPU
		{4F0FDCF6-B021-4ED3-BBED-5634AE4B2053}.Release|Any CPU.Build.0 = Release|Any CPU
		{17CD8229-DBCD-45C7-ABA5-0A2F6166112A}.Debug|Any CPU.ActiveCfg = Debug|Any CPU
		{17CD8229-DBCD-45C7-ABA5-0A2F6166112A}.Debug|Any CPU.Build.0 = Debug|Any CPU
		{17CD8229-DBCD-45C7-ABA5-0A2F6166112A}.Debug|Any CPU.Deploy.0 = Debug|Any CPU
		{17CD8229-DBCD-45C7-ABA5-0A2F6166112A}.Release|Any CPU.ActiveCfg = Release|Any CPU
		{17CD8229-DBCD-45C7-ABA5-0A2F6166112A}.Release|Any CPU.Build.0 = Release|Any CPU
		{17CD8229-DBCD-45C7-ABA5-0A2F6166112A}.Release|Any CPU.Deploy.0 = Release|Any CPU
	EndGlobalSection
	GlobalSection(SolutionProperties) = preSolution
		HideSolutionNode = FALSE
	EndGlobalSection
	GlobalSection(ExtensibilityGlobals) = postSolution
		SolutionGuid = {C38878E2-DDE1-4CFB-A626-9BA7ABF9D5E6}
	EndGlobalSection
EndGlobal
